DEPENDENCIES
  app_jenkins_master
    path: .
    metadata: true
  rbenv
    git: git://github.com/RiotGamesCookbooks/rbenv-cookbook.git
    revision: a7ae0eedbf678a8ac93456c325f9d69a8ac9d6f3

GRAPH
  app_jenkins_master (0.1.0)
    jenkins (>= 0.0.0)
  apt (2.7.0)
  build-essential (2.2.3)
  chef_handler (1.2.0)
  dmg (2.2.2)
  git (4.2.4)
    build-essential (>= 0.0.0)
    dmg (>= 0.0.0)
    windows (>= 0.0.0)
    yum-epel (>= 0.0.0)
  jenkins (2.3.1)
    apt (~> 2.0)
    runit (~> 1.5)
    yum (~> 3.0)
  ohai (2.0.1)
  packagecloud (0.0.19)
  rbenv (1.7.1)
    apt (>= 0.0.0)
    build-essential (>= 0.0.0)
    git (>= 0.0.0)
    ohai (>= 1.1.0)
  runit (1.7.2)
    packagecloud (>= 0.0.0)
  windows (1.37.0)
    chef_handler (>= 0.0.0)
  yum (3.6.3)
  yum-epel (0.6.2)
    yum (~> 3.2)
